PODS:
  - DGElasticPullToRefresh (1.1)
  - FaveButton (2.0.3)
  - ImageSlideshow/Core (1.0.0)
  - ImageSlideshow/Kingfisher (1.0.0):
    - ImageSlideshow/Core
    - Kingfisher (~> 3.0)
  - Kingfisher (3.2.2)
  - ObjectMapper (2.2.1)
  - Toast-Swift (2.0.0)

DEPENDENCIES:
  - DGElasticPullToRefresh
  - FaveButton (~> 2.0.3)
  - ImageSlideshow/Kingfisher
  - ObjectMapper (~> 2.2)
  - Toast-Swift (~> 2.0.0)

SPEC CHECKSUMS:
  DGElasticPullToRefresh: 28f11a6026302a90f8ffebbc6e24748e584dddd3
  FaveButton: cfcbc5e73da159c4f916613da5687357b5bb4783
  ImageSlideshow: 2787e10e202b79ecf5348a205c539fcc5bb8e62b
  Kingfisher: 821466474ad7ffc375a4aecadfa05068cfed67b3
  ObjectMapper: 41e43e1a89f8060ef5ea5d04ba852e269a621d68
  Toast-Swift: 5b2f8f720f7e78e48511f693df1f9c9a6e38a25a

PODFILE CHECKSUM: 167c735aadbf7a90fd9bfaf683f89536fd303c55

COCOAPODS: 1.2.0.beta.1
